
Microsoft Visual Studio Solution File, Format Version 12.00
# Visual Studio Version 17
VisualStudioVersion = 17.13.35825.156 d17.13
MinimumVisualStudioVersion = 10.0.40219.1
Project("{FAE04EC0-301F-11D3-BF4B-00C04F79EFBC}") = "CrochetPatternV1", "CrochetPatternV1\CrochetPatternV1.csproj", "{8134612B-E130-4A9B-8C55-4D067AC907B0}"
EndProject
Global
	GlobalSection(SolutionConfigurationPlatforms) = preSolution
		Debug|Any CPU = Debug|Any CPU
		Release|Any CPU = Release|Any CPU
	EndGlobalSection
	GlobalSection(ProjectConfigurationPlatforms) = postSolution
		{8134612B-E130-4A9B-8C55-4D067AC907B0}.Debug|Any CPU.ActiveCfg = Debug|Any CPU
		{8134612B-E130-4A9B-8C55-4D067AC907B0}.Debug|Any CPU.Build.0 = Debug|Any CPU
		{8134612B-E130-4A9B-8C55-4D067AC907B0}.Release|Any CPU.ActiveCfg = Release|Any CPU
		{8134612B-E130-4A9B-8C55-4D067AC907B0}.Release|Any CPU.Build.0 = Release|Any CPU
	EndGlobalSection
	GlobalSection(SolutionProperties) = preSolution
		HideSolutionNode = FALSE
	EndGlobalSection
	GlobalSection(ExtensibilityGlobals) = postSolution
		SolutionGuid = {8ECFA342-5F85-480D-BF46-7E27CC78CE80}
	EndGlobalSection
EndGlobal
